
Microsoft Visual Studio Solution File, Format Version 12.00
# Visual Studio Version 17
VisualStudioVersion = 17.0.31903.59
MinimumVisualStudioVersion = 10.0.40219.1
Project("{FAE04EC0-301F-11D3-BF4B-00C04F79EFBC}") = "API", "API\API.csproj", "{1074E295-5CAF-4189-8E3A-EFBB598DFF9A}"
EndProject
Project("{FAE04EC0-301F-11D3-BF4B-00C04F79EFBC}") = "Application", "Application\Application.csproj", "{E8DF4449-1812-445C-B9B7-A0D8DC00ADE7}"
EndProject
Project("{FAE04EC0-301F-11D3-BF4B-00C04F79EFBC}") = "Domain", "Domain\Domain.csproj", "{DB939EE2-4729-44E9-B24C-EBF4A4420E74}"
EndProject
Project("{FAE04EC0-301F-11D3-BF4B-00C04F79EFBC}") = "Persistence", "Persistence\Persistence.csproj", "{394E300F-5B9B-4E20-B704-0C2DB6240D00}"
EndProject
Global
	GlobalSection(SolutionConfigurationPlatforms) = preSolution
		Debug|Any CPU = Debug|Any CPU
		Release|Any CPU = Release|Any CPU
	EndGlobalSection
	GlobalSection(SolutionProperties) = preSolution
		HideSolutionNode = FALSE
	EndGlobalSection
	GlobalSection(ProjectConfigurationPlatforms) = postSolution
		{1074E295-5CAF-4189-8E3A-EFBB598DFF9A}.Debug|Any CPU.ActiveCfg = Debug|Any CPU
		{1074E295-5CAF-4189-8E3A-EFBB598DFF9A}.Debug|Any CPU.Build.0 = Debug|Any CPU
		{1074E295-5CAF-4189-8E3A-EFBB598DFF9A}.Release|Any CPU.ActiveCfg = Release|Any CPU
		{1074E295-5CAF-4189-8E3A-EFBB598DFF9A}.Release|Any CPU.Build.0 = Release|Any CPU
		{E8DF4449-1812-445C-B9B7-A0D8DC00ADE7}.Debug|Any CPU.ActiveCfg = Debug|Any CPU
		{E8DF4449-1812-445C-B9B7-A0D8DC00ADE7}.Debug|Any CPU.Build.0 = Debug|Any CPU
		{E8DF4449-1812-445C-B9B7-A0D8DC00ADE7}.Release|Any CPU.ActiveCfg = Release|Any CPU
		{E8DF4449-1812-445C-B9B7-A0D8DC00ADE7}.Release|Any CPU.Build.0 = Release|Any CPU
		{DB939EE2-4729-44E9-B24C-EBF4A4420E74}.Debug|Any CPU.ActiveCfg = Debug|Any CPU
		{DB939EE2-4729-44E9-B24C-EBF4A4420E74}.Debug|Any CPU.Build.0 = Debug|Any CPU
		{DB939EE2-4729-44E9-B24C-EBF4A4420E74}.Release|Any CPU.ActiveCfg = Release|Any CPU
		{DB939EE2-4729-44E9-B24C-EBF4A4420E74}.Release|Any CPU.Build.0 = Release|Any CPU
		{394E300F-5B9B-4E20-B704-0C2DB6240D00}.Debug|Any CPU.ActiveCfg = Debug|Any CPU
		{394E300F-5B9B-4E20-B704-0C2DB6240D00}.Debug|Any CPU.Build.0 = Debug|Any CPU
		{394E300F-5B9B-4E20-B704-0C2DB6240D00}.Release|Any CPU.ActiveCfg = Release|Any CPU
		{394E300F-5B9B-4E20-B704-0C2DB6240D00}.Release|Any CPU.Build.0 = Release|Any CPU
	EndGlobalSection
EndGlobal
